// !$*UTF8*$!
{
	archiveVersion = 1;
	classes = {
	};
	objectVersion = 56;
	objects = {

/* Begin PBXBuildFile section */
		2A1B288B2B752A84008EF336 /* BookmakerResultsView.swift in Sources */ = {isa = PBXBuildFile; fileRef = 2A1B288A2B752A84008EF336 /* BookmakerResultsView.swift */; };
		2AEAF3FC2B73ED1A004CAA40 /* BidsApp.swift in Sources */ = {isa = PBXBuildFile; fileRef = 2AEAF3FB2B73ED1A004CAA40 /* BidsApp.swift */; };
		2AEAF4002B73ED1B004CAA40 /* Assets.xcassets in Resources */ = {isa = PBXBuildFile; fileRef = 2AEAF3FF2B73ED1B004CAA40 /* Assets.xcassets */; };
		2AEAF4032B73ED1B004CAA40 /* Preview Assets.xcassets in Resources */ = {isa = PBXBuildFile; fileRef = 2AEAF4022B73ED1B004CAA40 /* Preview Assets.xcassets */; };
		2AEAF40D2B73EE33004CAA40 /* BetView.swift in Sources */ = {isa = PBXBuildFile; fileRef = 2AEAF40C2B73EE33004CAA40 /* BetView.swift */; };
		2AEAF40F2B74037D004CAA40 /* AverageCoefficientsView.swift in Sources */ = {isa = PBXBuildFile; fileRef = 2AEAF40E2B74037C004CAA40 /* AverageCoefficientsView.swift */; };
		2AEEEEB62B76736500128AA1 /* AverageCoefficientsViewModel.swift in Sources */ = {isa = PBXBuildFile; fileRef = 2AEEEEB52B76736500128AA1 /* AverageCoefficientsViewModel.swift */; };
		2AEEEEB82B76782300128AA1 /* BookmakerResultsViewModel.swift in Sources */ = {isa = PBXBuildFile; fileRef = 2AEEEEB72B76782300128AA1 /* BookmakerResultsViewModel.swift */; };
		665EABE32B76935B00632769 /* BookmakerResults.swift in Sources */ = {isa = PBXBuildFile; fileRef = 665EABE22B76935B00632769 /* BookmakerResults.swift */; };
		665EABE52B7693A900632769 /* Coefficients.swift in Sources */ = {isa = PBXBuildFile; fileRef = 665EABE42B7693A900632769 /* Coefficients.swift */; };
		665EABE72B7697BF00632769 /* BookmakerResultsWireframe.swift in Sources */ = {isa = PBXBuildFile; fileRef = 665EABE62B7697BF00632769 /* BookmakerResultsWireframe.swift */; };
		665EABE92B7698B600632769 /* AverageCoefficientsWireframe.swift in Sources */ = {isa = PBXBuildFile; fileRef = 665EABE82B7698B600632769 /* AverageCoefficientsWireframe.swift */; };
/* End PBXBuildFile section */

/* Begin PBXFileReference section */
		2A1B288A2B752A84008EF336 /* BookmakerResultsView.swift */ = {isa = PBXFileReference; lastKnownFileType = sourcecode.swift; path = BookmakerResultsView.swift; sourceTree = "<group>"; };
		2AEAF3F82B73ED1A004CAA40 /* Bids.app */ = {isa = PBXFileReference; explicitFileType = wrapper.application; includeInIndex = 0; path = Bids.app; sourceTree = BUILT_PRODUCTS_DIR; };
		2AEAF3FB2B73ED1A004CAA40 /* BidsApp.swift */ = {isa = PBXFileReference; lastKnownFileType = sourcecode.swift; path = BidsApp.swift; sourceTree = "<group>"; };
		2AEAF3FF2B73ED1B004CAA40 /* Assets.xcassets */ = {isa = PBXFileReference; lastKnownFileType = folder.assetcatalog; path = Assets.xcassets; sourceTree = "<group>"; };
		2AEAF4022B73ED1B004CAA40 /* Preview Assets.xcassets */ = {isa = PBXFileReference; lastKnownFileType = folder.assetcatalog; path = "Preview Assets.xcassets"; sourceTree = "<group>"; };
		2AEAF40C2B73EE33004CAA40 /* BetView.swift */ = {isa = PBXFileReference; lastKnownFileType = sourcecode.swift; path = BetView.swift; sourceTree = "<group>"; };
		2AEAF40E2B74037C004CAA40 /* AverageCoefficientsView.swift */ = {isa = PBXFileReference; lastKnownFileType = sourcecode.swift; path = AverageCoefficientsView.swift; sourceTree = "<group>"; };
		2AEEEEB52B76736500128AA1 /* AverageCoefficientsViewModel.swift */ = {isa = PBXFileReference; lastKnownFileType = sourcecode.swift; path = AverageCoefficientsViewModel.swift; sourceTree = "<group>"; };
		2AEEEEB72B76782300128AA1 /* BookmakerResultsViewModel.swift */ = {isa = PBXFileReference; lastKnownFileType = sourcecode.swift; path = BookmakerResultsViewModel.swift; sourceTree = "<group>"; };
		665EABE22B76935B00632769 /* BookmakerResults.swift */ = {isa = PBXFileReference; lastKnownFileType = sourcecode.swift; path = BookmakerResults.swift; sourceTree = "<group>"; };
		665EABE42B7693A900632769 /* Coefficients.swift */ = {isa = PBXFileReference; lastKnownFileType = sourcecode.swift; path = Coefficients.swift; sourceTree = "<group>"; };
		665EABE62B7697BF00632769 /* BookmakerResultsWireframe.swift */ = {isa = PBXFileReference; lastKnownFileType = sourcecode.swift; path = BookmakerResultsWireframe.swift; sourceTree = "<group>"; };
		665EABE82B7698B600632769 /* AverageCoefficientsWireframe.swift */ = {isa = PBXFileReference; lastKnownFileType = sourcecode.swift; path = AverageCoefficientsWireframe.swift; sourceTree = "<group>"; };
/* End PBXFileReference section */

/* Begin PBXFrameworksBuildPhase section */
		2AEAF3F52B73ED1A004CAA40 /* Frameworks */ = {
			isa = PBXFrameworksBuildPhase;
			buildActionMask = 2147483647;
			files = (
			);
			runOnlyForDeploymentPostprocessing = 0;
		};
/* End PBXFrameworksBuildPhase section */

/* Begin PBXGroup section */
		2A1B288C2B752BB1008EF336 /* AverageCoefficientsView */ = {
			isa = PBXGroup;
			children = (
				2AEAF40E2B74037C004CAA40 /* AverageCoefficientsView.swift */,
				2AEEEEB52B76736500128AA1 /* AverageCoefficientsViewModel.swift */,
				665EABE82B7698B600632769 /* AverageCoefficientsWireframe.swift */,
			);
			path = AverageCoefficientsView;
			sourceTree = "<group>";
		};
		2AEAF3EF2B73ED1A004CAA40 = {
			isa = PBXGroup;
			children = (
				2AEAF3FA2B73ED1A004CAA40 /* Bids */,
				2AEAF3F92B73ED1A004CAA40 /* Products */,
			);
			sourceTree = "<group>";
		};
		2AEAF3F92B73ED1A004CAA40 /* Products */ = {
			isa = PBXGroup;
			children = (
				2AEAF3F82B73ED1A004CAA40 /* Bids.app */,
			);
			name = Products;
			sourceTree = "<group>";
		};
		2AEAF3FA2B73ED1A004CAA40 /* Bids */ = {
			isa = PBXGroup;
			children = (
				2AEAF3FB2B73ED1A004CAA40 /* BidsApp.swift */,
				2AEAF40A2B73ED56004CAA40 /* Screens */,
				665EABE12B76934B00632769 /* Models */,
				2AEAF4092B73ED49004CAA40 /* Resources */,
				2AEAF4012B73ED1B004CAA40 /* Preview Content */,
			);
			path = Bids;
			sourceTree = "<group>";
		};
		2AEAF4012B73ED1B004CAA40 /* Preview Content */ = {
			isa = PBXGroup;
			children = (
				2AEAF4022B73ED1B004CAA40 /* Preview Assets.xcassets */,
			);
			path = "Preview Content";
			sourceTree = "<group>";
		};
		2AEAF4092B73ED49004CAA40 /* Resources */ = {
			isa = PBXGroup;
			children = (
				2AEAF3FF2B73ED1B004CAA40 /* Assets.xcassets */,
			);
			path = Resources;
			sourceTree = "<group>";
		};
		2AEAF40A2B73ED56004CAA40 /* Screens */ = {
			isa = PBXGroup;
			children = (
				2AEAF40B2B73EE27004CAA40 /* BetView */,
			);
			path = Screens;
			sourceTree = "<group>";
		};
		2AEAF40B2B73EE27004CAA40 /* BetView */ = {
			isa = PBXGroup;
			children = (
				2AEAF40C2B73EE33004CAA40 /* BetView.swift */,
				2A1B288C2B752BB1008EF336 /* AverageCoefficientsView */,
				665EABE02B7692A700632769 /* BookmakerResultsView */,
			);
			path = BetView;
			sourceTree = "<group>";
		};
		665EABE02B7692A700632769 /* BookmakerResultsView */ = {
			isa = PBXGroup;
			children = (
				2A1B288A2B752A84008EF336 /* BookmakerResultsView.swift */,
				2AEEEEB72B76782300128AA1 /* BookmakerResultsViewModel.swift */,
				665EABE62B7697BF00632769 /* BookmakerResultsWireframe.swift */,
			);
			path = BookmakerResultsView;
			sourceTree = "<group>";
		};
		665EABE12B76934B00632769 /* Models */ = {
			isa = PBXGroup;
			children = (
				665EABE22B76935B00632769 /* BookmakerResults.swift */,
				665EABE42B7693A900632769 /* Coefficients.swift */,
			);
			path = Models;
			sourceTree = "<group>";
		};
/* End PBXGroup section */

/* Begin PBXNativeTarget section */
		2AEAF3F72B73ED1A004CAA40 /* Bids */ = {
			isa = PBXNativeTarget;
			buildConfigurationList = 2AEAF4062B73ED1B004CAA40 /* Build configuration list for PBXNativeTarget "Bids" */;
			buildPhases = (
				2AEAF3F42B73ED1A004CAA40 /* Sources */,
				2AEAF3F52B73ED1A004CAA40 /* Frameworks */,
				2AEAF3F62B73ED1A004CAA40 /* Resources */,
			);
			buildRules = (
			);
			dependencies = (
			);
			name = Bids;
			productName = Bids;
			productReference = 2AEAF3F82B73ED1A004CAA40 /* Bids.app */;
			productType = "com.apple.product-type.application";
		};
/* End PBXNativeTarget section */

/* Begin PBXProject section */
		2AEAF3F02B73ED1A004CAA40 /* Project object */ = {
			isa = PBXProject;
			attributes = {
				BuildIndependentTargetsInParallel = 1;
				LastSwiftUpdateCheck = 1520;
				LastUpgradeCheck = 1520;
				TargetAttributes = {
					2AEAF3F72B73ED1A004CAA40 = {
						CreatedOnToolsVersion = 15.2;
					};
				};
			};
			buildConfigurationList = 2AEAF3F32B73ED1A004CAA40 /* Build configuration list for PBXProject "Bids" */;
			compatibilityVersion = "Xcode 14.0";
			developmentRegion = en;
			hasScannedForEncodings = 0;
			knownRegions = (
				en,
				Base,
			);
			mainGroup = 2AEAF3EF2B73ED1A004CAA40;
			productRefGroup = 2AEAF3F92B73ED1A004CAA40 /* Products */;
			projectDirPath = "";
			projectRoot = "";
			targets = (
				2AEAF3F72B73ED1A004CAA40 /* Bids */,
			);
		};
/* End PBXProject section */

/* Begin PBXResourcesBuildPhase section */
		2AEAF3F62B73ED1A004CAA40 /* Resources */ = {
			isa = PBXResourcesBuildPhase;
			buildActionMask = 2147483647;
			files = (
				2AEAF4032B73ED1B004CAA40 /* Preview Assets.xcassets in Resources */,
				2AEAF4002B73ED1B004CAA40 /* Assets.xcassets in Resources */,
			);
			runOnlyForDeploymentPostprocessing = 0;
		};
/* End PBXResourcesBuildPhase section */

/* Begin PBXSourcesBuildPhase section */
		2AEAF3F42B73ED1A004CAA40 /* Sources */ = {
			isa = PBXSourcesBuildPhase;
			buildActionMask = 2147483647;
			files = (
				665EABE32B76935B00632769 /* BookmakerResults.swift in Sources */,
				2AEAF40D2B73EE33004CAA40 /* BetView.swift in Sources */,
				665EABE52B7693A900632769 /* Coefficients.swift in Sources */,
				665EABE72B7697BF00632769 /* BookmakerResultsWireframe.swift in Sources */,
				2AEEEEB82B76782300128AA1 /* BookmakerResultsViewModel.swift in Sources */,
				2AEEEEB62B76736500128AA1 /* AverageCoefficientsViewModel.swift in Sources */,
				2A1B288B2B752A84008EF336 /* BookmakerResultsView.swift in Sources */,
				2AEAF40F2B74037D004CAA40 /* AverageCoefficientsView.swift in Sources */,
				665EABE92B7698B600632769 /* AverageCoefficientsWireframe.swift in Sources */,
				2AEAF3FC2B73ED1A004CAA40 /* BidsApp.swift in Sources */,
			);
			runOnlyForDeploymentPostprocessing = 0;
		};
/* End PBXSourcesBuildPhase section */

/* Begin XCBuildConfiguration section */
		2AEAF4042B73ED1B004CAA40 /* Debug */ = {
			isa = XCBuildConfiguration;
			buildSettings = {
				ALWAYS_SEARCH_USER_PATHS = NO;
				ASSETCATALOG_COMPILER_GENERATE_SWIFT_ASSET_SYMBOL_EXTENSIONS = YES;
				CLANG_ANALYZER_NONNULL = YES;
				CLANG_ANALYZER_NUMBER_OBJECT_CONVERSION = YES_AGGRESSIVE;
				CLANG_CXX_LANGUAGE_STANDARD = "gnu++20";
				CLANG_ENABLE_MODULES = YES;
				CLANG_ENABLE_OBJC_ARC = YES;
				CLANG_ENABLE_OBJC_WEAK = YES;
				CLANG_WARN_BLOCK_CAPTURE_AUTORELEASING = YES;
				CLANG_WARN_BOOL_CONVERSION = YES;
				CLANG_WARN_COMMA = YES;
				CLANG_WARN_CONSTANT_CONVERSION = YES;
				CLANG_WARN_DEPRECATED_OBJC_IMPLEMENTATIONS = YES;
				CLANG_WARN_DIRECT_OBJC_ISA_USAGE = YES_ERROR;
				CLANG_WARN_DOCUMENTATION_COMMENTS = YES;
				CLANG_WARN_EMPTY_BODY = YES;
				CLANG_WARN_ENUM_CONVERSION = YES;
				CLANG_WARN_INFINITE_RECURSION = YES;
				CLANG_WARN_INT_CONVERSION = YES;
				CLANG_WARN_NON_LITERAL_NULL_CONVERSION = YES;
				CLANG_WARN_OBJC_IMPLICIT_RETAIN_SELF = YES;
				CLANG_WARN_OBJC_LITERAL_CONVERSION = YES;
				CLANG_WARN_OBJC_ROOT_CLASS = YES_ERROR;
				CLANG_WARN_QUOTED_INCLUDE_IN_FRAMEWORK_HEADER = YES;
				CLANG_WARN_RANGE_LOOP_ANALYSIS = YES;
				CLANG_WARN_STRICT_PROTOTYPES = YES;
				CLANG_WARN_SUSPICIOUS_MOVE = YES;
				CLANG_WARN_UNGUARDED_AVAILABILITY = YES_AGGRESSIVE;
				CLANG_WARN_UNREACHABLE_CODE = YES;
				CLANG_WARN__DUPLICATE_METHOD_MATCH = YES;
				COPY_PHASE_STRIP = NO;
				DEBUG_INFORMATION_FORMAT = dwarf;
				ENABLE_STRICT_OBJC_MSGSEND = YES;
				ENABLE_TESTABILITY = YES;
				ENABLE_USER_SCRIPT_SANDBOXING = YES;
				GCC_C_LANGUAGE_STANDARD = gnu17;
				GCC_DYNAMIC_NO_PIC = NO;
				GCC_NO_COMMON_BLOCKS = YES;
				GCC_OPTIMIZATION_LEVEL = 0;
				GCC_PREPROCESSOR_DEFINITIONS = (
					"DEBUG=1",
					"$(inherited)",
				);
				GCC_WARN_64_TO_32_BIT_CONVERSION = YES;
				GCC_WARN_ABOUT_RETURN_TYPE = YES_ERROR;
				GCC_WARN_UNDECLARED_SELECTOR = YES;
				GCC_WARN_UNINITIALIZED_AUTOS = YES_AGGRESSIVE;
				GCC_WARN_UNUSED_FUNCTION = YES;
				GCC_WARN_UNUSED_VARIABLE = YES;
				IPHONEOS_DEPLOYMENT_TARGET = 15.0;
				LOCALIZATION_PREFERS_STRING_CATALOGS = YES;
				MTL_ENABLE_DEBUG_INFO = INCLUDE_SOURCE;
				MTL_FAST_MATH = YES;
				ONLY_ACTIVE_ARCH = YES;
				SDKROOT = iphoneos;
				SWIFT_ACTIVE_COMPILATION_CONDITIONS = "DEBUG $(inherited)";
				SWIFT_OPTIMIZATION_LEVEL = "-Onone";
			};
			name = Debug;
		};
		2AEAF4052B73ED1B004CAA40 /* Release */ = {
			isa = XCBuildConfiguration;
			buildSettings = {
				ALWAYS_SEARCH_USER_PATHS = NO;
				ASSETCATALOG_COMPILER_GENERATE_SWIFT_ASSET_SYMBOL_EXTENSIONS = YES;
				CLANG_ANALYZER_NONNULL = YES;
				CLANG_ANALYZER_NUMBER_OBJECT_CONVERSION = YES_AGGRESSIVE;
				CLANG_CXX_LANGUAGE_STANDARD = "gnu++20";
				CLANG_ENABLE_MODULES = YES;
				CLANG_ENABLE_OBJC_ARC = YES;
				CLANG_ENABLE_OBJC_WEAK = YES;
				CLANG_WARN_BLOCK_CAPTURE_AUTORELEASING = YES;
				CLANG_WARN_BOOL_CONVERSION = YES;
				CLANG_WARN_COMMA = YES;
				CLANG_WARN_CONSTANT_CONVERSION = YES;
				CLANG_WARN_DEPRECATED_OBJC_IMPLEMENTATIONS = YES;
				CLANG_WARN_DIRECT_OBJC_ISA_USAGE = YES_ERROR;
				CLANG_WARN_DOCUMENTATION_COMMENTS = YES;
				CLANG_WARN_EMPTY_BODY = YES;
				CLANG_WARN_ENUM_CONVERSION = YES;
				CLANG_WARN_INFINITE_RECURSION = YES;
				CLANG_WARN_INT_CONVERSION = YES;
				CLANG_WARN_NON_LITERAL_NULL_CONVERSION = YES;
				CLANG_WARN_OBJC_IMPLICIT_RETAIN_SELF = YES;
				CLANG_WARN_OBJC_LITERAL_CONVERSION = YES;
				CLANG_WARN_OBJC_ROOT_CLASS = YES_ERROR;
				CLANG_WARN_QUOTED_INCLUDE_IN_FRAMEWORK_HEADER = YES;
				CLANG_WARN_RANGE_LOOP_ANALYSIS = YES;
				CLANG_WARN_STRICT_PROTOTYPES = YES;
				CLANG_WARN_SUSPICIOUS_MOVE = YES;
				CLANG_WARN_UNGUARDED_AVAILABILITY = YES_AGGRESSIVE;
				CLANG_WARN_UNREACHABLE_CODE = YES;
				CLANG_WARN__DUPLICATE_METHOD_MATCH = YES;
				COPY_PHASE_STRIP = NO;
				DEBUG_INFORMATION_FORMAT = "dwarf-with-dsym";
				ENABLE_NS_ASSERTIONS = NO;
				ENABLE_STRICT_OBJC_MSGSEND = YES;
				ENABLE_USER_SCRIPT_SANDBOXING = YES;
				GCC_C_LANGUAGE_STANDARD = gnu17;
				GCC_NO_COMMON_BLOCKS = YES;
				GCC_WARN_64_TO_32_BIT_CONVERSION = YES;
				GCC_WARN_ABOUT_RETURN_TYPE = YES_ERROR;
				GCC_WARN_UNDECLARED_SELECTOR = YES;
				GCC_WARN_UNINITIALIZED_AUTOS = YES_AGGRESSIVE;
				GCC_WARN_UNUSED_FUNCTION = YES;
				GCC_WARN_UNUSED_VARIABLE = YES;
				IPHONEOS_DEPLOYMENT_TARGET = 15.0;
				LOCALIZATION_PREFERS_STRING_CATALOGS = YES;
				MTL_ENABLE_DEBUG_INFO = NO;
				MTL_FAST_MATH = YES;
				SDKROOT = iphoneos;
				SWIFT_COMPILATION_MODE = wholemodule;
				VALIDATE_PRODUCT = YES;
			};
			name = Release;
		};
		2AEAF4072B73ED1B004CAA40 /* Debug */ = {
			isa = XCBuildConfiguration;
			buildSettings = {
				ASSETCATALOG_COMPILER_APPICON_NAME = AppIcon;
				ASSETCATALOG_COMPILER_GLOBAL_ACCENT_COLOR_NAME = AccentColor;
				CODE_SIGN_STYLE = Automatic;
				CURRENT_PROJECT_VERSION = 1;
				DEVELOPMENT_ASSET_PATHS = "\"Bids/Preview Content\"";
				DEVELOPMENT_TEAM = TLSJ5SA5W3;
				ENABLE_PREVIEWS = YES;
				GENERATE_INFOPLIST_FILE = YES;
				INFOPLIST_KEY_UIApplicationSceneManifest_Generation = YES;
				INFOPLIST_KEY_UIApplicationSupportsIndirectInputEvents = YES;
				INFOPLIST_KEY_UILaunchScreen_Generation = YES;
				INFOPLIST_KEY_UISupportedInterfaceOrientations_iPad = "UIInterfaceOrientationPortrait UIInterfaceOrientationPortraitUpsideDown UIInterfaceOrientationLandscapeLeft UIInterfaceOrientationLandscapeRight";
				INFOPLIST_KEY_UISupportedInterfaceOrientations_iPhone = "UIInterfaceOrientationPortrait UIInterfaceOrientationLandscapeLeft UIInterfaceOrientationLandscapeRight";
				IPHONEOS_DEPLOYMENT_TARGET = 15.0;
				LD_RUNPATH_SEARCH_PATHS = (
					"$(inherited)",
					"@executable_path/Frameworks",
				);
				MARKETING_VERSION = 1.0;
				PRODUCT_BUNDLE_IDENTIFIER = crowru.Bids;
				PRODUCT_NAME = "$(TARGET_NAME)";
				SWIFT_EMIT_LOC_STRINGS = YES;
				SWIFT_VERSION = 5.0;
				TARGETED_DEVICE_FAMILY = "1,2";
			};
			name = Debug;
		};
		2AEAF4082B73ED1B004CAA40 /* Release */ = {
			isa = XCBuildConfiguration;
			buildSettings = {
				ASSETCATALOG_COMPILER_APPICON_NAME = AppIcon;
				ASSETCATALOG_COMPILER_GLOBAL_ACCENT_COLOR_NAME = AccentColor;
				CODE_SIGN_STYLE = Automatic;
				CURRENT_PROJECT_VERSION = 1;
				DEVELOPMENT_ASSET_PATHS = "\"Bids/Preview Content\"";
				DEVELOPMENT_TEAM = TLSJ5SA5W3;
				ENABLE_PREVIEWS = YES;
				GENERATE_INFOPLIST_FILE = YES;
				INFOPLIST_KEY_UIApplicationSceneManifest_Generation = YES;
				INFOPLIST_KEY_UIApplicationSupportsIndirectInputEvents = YES;
				INFOPLIST_KEY_UILaunchScreen_Generation = YES;
				INFOPLIST_KEY_UISupportedInterfaceOrientations_iPad = "UIInterfaceOrientationPortrait UIInterfaceOrientationPortraitUpsideDown UIInterfaceOrientationLandscapeLeft UIInterfaceOrientationLandscapeRight";
				INFOPLIST_KEY_UISupportedInterfaceOrientations_iPhone = "UIInterfaceOrientationPortrait UIInterfaceOrientationLandscapeLeft UIInterfaceOrientationLandscapeRight";
				IPHONEOS_DEPLOYMENT_TARGET = 15.0;
				LD_RUNPATH_SEARCH_PATHS = (
					"$(inherited)",
					"@executable_path/Frameworks",
				);
				MARKETING_VERSION = 1.0;
				PRODUCT_BUNDLE_IDENTIFIER = crowru.Bids;
				PRODUCT_NAME = "$(TARGET_NAME)";
				SWIFT_EMIT_LOC_STRINGS = YES;
				SWIFT_VERSION = 5.0;
				TARGETED_DEVICE_FAMILY = "1,2";
			};
			name = Release;
		};
/* End XCBuildConfiguration section */

/* Begin XCConfigurationList section */
		2AEAF3F32B73ED1A004CAA40 /* Build configuration list for PBXProject "Bids" */ = {
			isa = XCConfigurationList;
			buildConfigurations = (
				2AEAF4042B73ED1B004CAA40 /* Debug */,
				2AEAF4052B73ED1B004CAA40 /* Release */,
			);
			defaultConfigurationIsVisible = 0;
			defaultConfigurationName = Release;
		};
		2AEAF4062B73ED1B004CAA40 /* Build configuration list for PBXNativeTarget "Bids" */ = {
			isa = XCConfigurationList;
			buildConfigurations = (
				2AEAF4072B73ED1B004CAA40 /* Debug */,
				2AEAF4082B73ED1B004CAA40 /* Release */,
			);
			defaultConfigurationIsVisible = 0;
			defaultConfigurationName = Release;
		};
/* End XCConfigurationList section */
	};
	rootObject = 2AEAF3F02B73ED1A004CAA40 /* Project object */;
}
